
Microsoft Visual Studio Solution File, Format Version 12.00
# Visual Studio Version 17
VisualStudioVersion = 17.6.33829.357
MinimumVisualStudioVersion = 10.0.40219.1
Project("{9A19103F-16F7-4668-BE54-9A1E7A4F7556}") = "GrpcServiceServer", "GrpcServiceExample\GrpcServiceServer.csproj", "{C2C1E018-7052-4534-A9A2-C12F7B224700}"
EndProject
Project("{9A19103F-16F7-4668-BE54-9A1E7A4F7556}") = "GrpcServiceClient", "GrpcServiceClient\GrpcServiceClient.csproj", "{413F60F2-B8F3-4F61-AC69-766FC58E4ED7}"
EndProject
Global
	GlobalSection(SolutionConfigurationPlatforms) = preSolution
		Debug|Any CPU = Debug|Any CPU
		Release|Any CPU = Release|Any CPU
	EndGlobalSection
	GlobalSection(ProjectConfigurationPlatforms) = postSolution
		{C2C1E018-7052-4534-A9A2-C12F7B224700}.Debug|Any CPU.ActiveCfg = Debug|Any CPU
		{C2C1E018-7052-4534-A9A2-C12F7B224700}.Debug|Any CPU.Build.0 = Debug|Any CPU
		{C2C1E018-7052-4534-A9A2-C12F7B224700}.Release|Any CPU.ActiveCfg = Release|Any CPU
		{C2C1E018-7052-4534-A9A2-C12F7B224700}.Release|Any CPU.Build.0 = Release|Any CPU
		{413F60F2-B8F3-4F61-AC69-766FC58E4ED7}.Debug|Any CPU.ActiveCfg = Debug|Any CPU
		{413F60F2-B8F3-4F61-AC69-766FC58E4ED7}.Debug|Any CPU.Build.0 = Debug|Any CPU
		{413F60F2-B8F3-4F61-AC69-766FC58E4ED7}.Release|Any CPU.ActiveCfg = Release|Any CPU
		{413F60F2-B8F3-4F61-AC69-766FC58E4ED7}.Release|Any CPU.Build.0 = Release|Any CPU
	EndGlobalSection
	GlobalSection(SolutionProperties) = preSolution
		HideSolutionNode = FALSE
	EndGlobalSection
	GlobalSection(ExtensibilityGlobals) = postSolution
		SolutionGuid = {8EE5A9AB-64D6-4DD9-BB52-AFCFC3D76037}
	EndGlobalSection
EndGlobal
